Microsoft Visual Studio Solution File, Format Version 12.00
# Visual Studio Version 17
VisualStudioVersion = 17.13.35931.197
MinimumVisualStudioVersion = 10.0.40219.1
Project("{888888A0-9F3D-457C-B088-3A5042F75D52}") = "ResizeImage", "ResizeImage\ResizeImage.pyproj", "{94225C89-1DB9-4BB8-A635-F0C52B56AA7A}"
EndProject
Global
	GlobalSection(SolutionConfigurationPlatforms) = preSolution
		Debug|Any CPU = Debug|Any CPU
		Release|Any CPU = Release|Any CPU
	EndGlobalSection
	GlobalSection(ProjectConfigurationPlatforms) = postSolution
		{94225C89-1DB9-4BB8-A635-F0C52B56AA7A}.Debug|Any CPU.ActiveCfg = Debug|Any CPU
		{94225C89-1DB9-4BB8-A635-F0C52B56AA7A}.Release|Any CPU.ActiveCfg = Release|Any CPU
	EndGlobalSection
	GlobalSection(SolutionProperties) = preSolution
		HideSolutionNode = FALSE
	EndGlobalSection
	GlobalSection(ExtensibilityGlobals) = postSolution
		SolutionGuid = {7FE1702C-2899-493C-A071-FCC5F8BD209D}
	EndGlobalSection
EndGlobal
